
Microsoft Visual Studio Solution File, Format Version 12.00
# Visual Studio Version 17
VisualStudioVersion = 17.11.35312.102
MinimumVisualStudioVersion = 10.0.40219.1
Project("{FAE04EC0-301F-11D3-BF4B-00C04F79EFBC}") = "MartenRevisions", "MartenRevisions.csproj", "{6F3BDE89-1DD0-4C1A-9B9B-AB6DC062FCD2}"
EndProject
Global
	GlobalSection(SolutionConfigurationPlatforms) = preSolution
		Debug|Any CPU = Debug|Any CPU
		Release|Any CPU = Release|Any CPU
	EndGlobalSection
	GlobalSection(ProjectConfigurationPlatforms) = postSolution
		{6F3BDE89-1DD0-4C1A-9B9B-AB6DC062FCD2}.Debug|Any CPU.ActiveCfg = Debug|Any CPU
		{6F3BDE89-1DD0-4C1A-9B9B-AB6DC062FCD2}.Debug|Any CPU.Build.0 = Debug|Any CPU
		{6F3BDE89-1DD0-4C1A-9B9B-AB6DC062FCD2}.Release|Any CPU.ActiveCfg = Release|Any CPU
		{6F3BDE89-1DD0-4C1A-9B9B-AB6DC062FCD2}.Release|Any CPU.Build.0 = Release|Any CPU
	EndGlobalSection
	GlobalSection(SolutionProperties) = preSolution
		HideSolutionNode = FALSE
	EndGlobalSection
	GlobalSection(ExtensibilityGlobals) = postSolution
		SolutionGuid = {7F6602B4-E39C-4377-AAC3-F4F8487BEBE3}
	EndGlobalSection
EndGlobal
